Microsoft Visual Studio Solution File, Format Version 12.00
# Visual Studio Version 17
VisualStudioVersion = 17.5.2.0
MinimumVisualStudioVersion = 10.0.40219.1
Project("{FAE04EC0-301F-11D3-BF4B-00C04F79EFBC}") = "mlean", "mlean.csproj", "{4B4379A5-30B2-50F9-C8FF-7674376F5936}"
EndProject
Global
	GlobalSection(SolutionConfigurationPlatforms) = preSolution
		Debug|Any CPU = Debug|Any CPU
		Release|Any CPU = Release|Any CPU
	EndGlobalSection
	GlobalSection(ProjectConfigurationPlatforms) = postSolution
		{4B4379A5-30B2-50F9-C8FF-7674376F5936}.Debug|Any CPU.ActiveCfg = Debug|Any CPU
		{4B4379A5-30B2-50F9-C8FF-7674376F5936}.Debug|Any CPU.Build.0 = Debug|Any CPU
		{4B4379A5-30B2-50F9-C8FF-7674376F5936}.Release|Any CPU.ActiveCfg = Release|Any CPU
		{4B4379A5-30B2-50F9-C8FF-7674376F5936}.Release|Any CPU.Build.0 = Release|Any CPU
	EndGlobalSection
	GlobalSection(SolutionProperties) = preSolution
		HideSolutionNode = FALSE
	EndGlobalSection
	GlobalSection(ExtensibilityGlobals) = postSolution
		SolutionGuid = {0BAACD6F-2C2D-45C2-A9EF-E1A3B5A03362}
	EndGlobalSection
EndGlobal
